
Microsoft Visual Studio Solution File, Format Version 12.00
# Visual Studio 15
VisualStudioVersion = 15.0.28307.1831
MinimumVisualStudioVersion = 10.0.40219.1
Project("{FAE04EC0-301F-11D3-BF4B-00C04F79EFBC}") = "Warehouse-Management-Software", "Warehouse-Management-Software\Warehouse-Management-Software.csproj", "{0B43BFE7-40A1-4723-BA96-AC764840F840}"
EndProject
Global
	GlobalSection(SolutionConfigurationPlatforms) = preSolution
		Debug|Any CPU = Debug|Any CPU
		Release|Any CPU = Release|Any CPU
	EndGlobalSection
	GlobalSection(ProjectConfigurationPlatforms) = postSolution
		{0B43BFE7-40A1-4723-BA96-AC764840F840}.Debug|Any CPU.ActiveCfg = Debug|Any CPU
		{0B43BFE7-40A1-4723-BA96-AC764840F840}.Debug|Any CPU.Build.0 = Debug|Any CPU
		{0B43BFE7-40A1-4723-BA96-AC764840F840}.Release|Any CPU.ActiveCfg = Release|Any CPU
		{0B43BFE7-40A1-4723-BA96-AC764840F840}.Release|Any CPU.Build.0 = Release|Any CPU
	EndGlobalSection
	GlobalSection(SolutionProperties) = preSolution
		HideSolutionNode = FALSE
	EndGlobalSection
	GlobalSection(ExtensibilityGlobals) = postSolution
		SolutionGuid = {29F11E06-1463-4F27-8940-0EC28D19EF61}
	EndGlobalSection
EndGlobal
